// !$*UTF8*$!
{
	archiveVersion = 1;
	classes = {
	};
	objectVersion = 70;
	objects = {

/* Begin PBXBuildFile section */
		2E07F6082AF1CFFD00395214 /* Alamofire in Frameworks */ = {isa = PBXBuildFile; productRef = 2E07F6072AF1CFFD00395214 /* Alamofire */; };
		2E07F60B2AF1D01E00395214 /* SnapKit in Frameworks */ = {isa = PBXBuildFile; productRef = 2E07F60A2AF1D01E00395214 /* SnapKit */; };
		2E07F6102AF1D03B00395214 /* SDWebImage in Frameworks */ = {isa = PBXBuildFile; productRef = 2E07F60F2AF1D03B00395214 /* SDWebImage */; };
		2E07F6122AF1D03B00395214 /* SDWebImageMapKit in Frameworks */ = {isa = PBXBuildFile; productRef = 2E07F6112AF1D03B00395214 /* SDWebImageMapKit */; };
		2E07F6152AF1D05700395214 /* UIFont+Extension.swift in Sources */ = {isa = PBXBuildFile; fileRef = 2E07F6142AF1D05700395214 /* UIFont+Extension.swift */; };
		2E07F6172AF1D06A00395214 /* UIColor+Extension.swift in Sources */ = {isa = PBXBuildFile; fileRef = 2E07F6162AF1D06A00395214 /* UIColor+Extension.swift */; };
		2ED700582AF1CF5600B7C687 /* AppDelegate.swift in Sources */ = {isa = PBXBuildFile; fileRef = 2ED700572AF1CF5600B7C687 /* AppDelegate.swift */; };
		2ED7005A2AF1CF5600B7C687 /* SceneDelegate.swift in Sources */ = {isa = PBXBuildFile; fileRef = 2ED700592AF1CF5600B7C687 /* SceneDelegate.swift */; };
		2ED700612AF1CF5700B7C687 /* Assets.xcassets in Resources */ = {isa = PBXBuildFile; fileRef = 2ED700602AF1CF5700B7C687 /* Assets.xcassets */; };
		2ED700642AF1CF5700B7C687 /* LaunchScreen.storyboard in Resources */ = {isa = PBXBuildFile; fileRef = 2ED700622AF1CF5700B7C687 /* LaunchScreen.storyboard */; };
		3EA8E0792DC3304C00702D95 /* LogoView.swift in Sources */ = {isa = PBXBuildFile; fileRef = 3EA8E0782DC3304C00702D95 /* LogoView.swift */; };
		3EA8E0902DC4307F00702D95 /* ProjectView.swift in Sources */ = {isa = PBXBuildFile; fileRef = 3EA8E08F2DC4307A00702D95 /* ProjectView.swift */; };
		3EA8E0922DC430BC00702D95 /* ProjectCell.swift in Sources */ = {isa = PBXBuildFile; fileRef = 3EA8E0912DC430B000702D95 /* ProjectCell.swift */; };
		3EA8E0942DC430E300702D95 /* AddCell.swift in Sources */ = {isa = PBXBuildFile; fileRef = 3EA8E0932DC430D800702D95 /* AddCell.swift */; };
		3EA8E0962DC431D700702D95 /* Project.swift in Sources */ = {isa = PBXBuildFile; fileRef = 3EA8E0952DC431D400702D95 /* Project.swift */; };
		3EA8E0982DC4369000702D95 /* CalendarViewController.swift in Sources */ = {isa = PBXBuildFile; fileRef = 3EA8E0972DC4368B00702D95 /* CalendarViewController.swift */; };
		3EA8E09C2DC4384500702D95 /* ProjectViewController.swift in Sources */ = {isa = PBXBuildFile; fileRef = 3EA8E09B2DC4384100702D95 /* ProjectViewController.swift */; };
		3EA8E09E2DC4403300702D95 /* TaskCell.swift in Sources */ = {isa = PBXBuildFile; fileRef = 3EA8E09D2DC4402D00702D95 /* TaskCell.swift */; };
		3EA8E0A22DC4421E00702D95 /* TaskStackViewController.swift in Sources */ = {isa = PBXBuildFile; fileRef = 3EA8E0A12DC4421900702D95 /* TaskStackViewController.swift */; };
		3EA8E0A42DC476B700702D95 /* AddProjectOverlayView.swift in Sources */ = {isa = PBXBuildFile; fileRef = 3EA8E0A32DC476B100702D95 /* AddProjectOverlayView.swift */; };
		3EA8E0A62DC4802F00702D95 /* DeleteCell.swift in Sources */ = {isa = PBXBuildFile; fileRef = 3EA8E0A52DC4802C00702D95 /* DeleteCell.swift */; };
		3EA8E0A82DC485EF00702D95 /* JoinProjectOverlayViiew.swift in Sources */ = {isa = PBXBuildFile; fileRef = 3EA8E0A72DC485E700702D95 /* JoinProjectOverlayViiew.swift */; };
		3EA8E0EE2DC7B7DF00702D95 /* ThemeColor.swift in Sources */ = {isa = PBXBuildFile; fileRef = 3EA8E0ED2DC7B7D500702D95 /* ThemeColor.swift */; };
		3EAF922D2DC1777E00CAB467 /* Day.swift in Sources */ = {isa = PBXBuildFile; fileRef = 3EAF922C2DC1777400CAB467 /* Day.swift */; };
		3EAF922F2DC1778C00CAB467 /* Task.swift in Sources */ = {isa = PBXBuildFile; fileRef = 3EAF922E2DC1778A00CAB467 /* Task.swift */; };
		3EAF92312DC177B000CAB467 /* CalendarView.swift in Sources */ = {isa = PBXBuildFile; fileRef = 3EAF92302DC177A600CAB467 /* CalendarView.swift */; };
		3EAF92332DC177BC00CAB467 /* TaskStackView.swift in Sources */ = {isa = PBXBuildFile; fileRef = 3EAF92322DC177B400CAB467 /* TaskStackView.swift */; };
		3EAF92352DC177C700CAB467 /* AddTaskOverlayView.swift in Sources */ = {isa = PBXBuildFile; fileRef = 3EAF92342DC177BF00CAB467 /* AddTaskOverlayView.swift */; };
		3EAF923D2DC1784600CAB467 /* TaskManager.swift in Sources */ = {isa = PBXBuildFile; fileRef = 3EAF923C2DC1784400CAB467 /* TaskManager.swift */; };
		3EAF923F2DC1785200CAB467 /* Date+Extension.swift in Sources */ = {isa = PBXBuildFile; fileRef = 3EAF923E2DC1785000CAB467 /* Date+Extension.swift */; };
		3EAF92432DC19E6100CAB467 /* LogoViewController.swift in Sources */ = {isa = PBXBuildFile; fileRef = 3EAF92422DC19E5C00CAB467 /* LogoViewController.swift */; };
		ED376CD02DBDD84500DF0BED /* NetworkManager.swift in Sources */ = {isa = PBXBuildFile; fileRef = ED376CCF2DBDD84500DF0BED /* NetworkManager.swift */; };
/* End PBXBuildFile section */

/* Begin PBXFileReference section */
		2E07F6142AF1D05700395214 /* UIFont+Extension.swift */ = {isa = PBXFileReference; lastKnownFileType = sourcecode.swift; path = "UIFont+Extension.swift"; sourceTree = "<group>"; };
		2E07F6162AF1D06A00395214 /* UIColor+Extension.swift */ = {isa = PBXFileReference; lastKnownFileType = sourcecode.swift; path = "UIColor+Extension.swift"; sourceTree = "<group>"; };
		2ED700542AF1CF5600B7C687 /* A4.app */ = {isa = PBXFileReference; explicitFileType = wrapper.application; includeInIndex = 0; path = A4.app; sourceTree = BUILT_PRODUCTS_DIR; };
		2ED700572AF1CF5600B7C687 /* AppDelegate.swift */ = {isa = PBXFileReference; lastKnownFileType = sourcecode.swift; path = AppDelegate.swift; sourceTree = "<group>"; };
		2ED700592AF1CF5600B7C687 /* SceneDelegate.swift */ = {isa = PBXFileReference; lastKnownFileType = sourcecode.swift; path = SceneDelegate.swift; sourceTree = "<group>"; };
		2ED700602AF1CF5700B7C687 /* Assets.xcassets */ = {isa = PBXFileReference; lastKnownFileType = folder.assetcatalog; path = Assets.xcassets; sourceTree = "<group>"; };
		2ED700632AF1CF5700B7C687 /* Base */ = {isa = PBXFileReference; lastKnownFileType = file.storyboard; name = Base; path = Base.lproj/LaunchScreen.storyboard; sourceTree = "<group>"; };
		2ED700652AF1CF5700B7C687 /* Info.plist */ = {isa = PBXFileReference; lastKnownFileType = text.plist.xml; path = Info.plist; sourceTree = "<group>"; };
		3EA8E0782DC3304C00702D95 /* LogoView.swift */ = {isa = PBXFileReference; lastKnownFileType = sourcecode.swift; path = LogoView.swift; sourceTree = "<group>"; };
		3EA8E08F2DC4307A00702D95 /* ProjectView.swift */ = {isa = PBXFileReference; lastKnownFileType = sourcecode.swift; path = ProjectView.swift; sourceTree = "<group>"; };
		3EA8E0912DC430B000702D95 /* ProjectCell.swift */ = {isa = PBXFileReference; lastKnownFileType = sourcecode.swift; path = ProjectCell.swift; sourceTree = "<group>"; };
		3EA8E0932DC430D800702D95 /* AddCell.swift */ = {isa = PBXFileReference; lastKnownFileType = sourcecode.swift; path = AddCell.swift; sourceTree = "<group>"; };
		3EA8E0952DC431D400702D95 /* Project.swift */ = {isa = PBXFileReference; lastKnownFileType = sourcecode.swift; path = Project.swift; sourceTree = "<group>"; };
		3EA8E0972DC4368B00702D95 /* CalendarViewController.swift */ = {isa = PBXFileReference; lastKnownFileType = sourcecode.swift; path = CalendarViewController.swift; sourceTree = "<group>"; };
		3EA8E09B2DC4384100702D95 /* ProjectViewController.swift */ = {isa = PBXFileReference; lastKnownFileType = sourcecode.swift; path = ProjectViewController.swift; sourceTree = "<group>"; };
		3EA8E09D2DC4402D00702D95 /* TaskCell.swift */ = {isa = PBXFileReference; lastKnownFileType = sourcecode.swift; path = TaskCell.swift; sourceTree = "<group>"; };
		3EA8E0A12DC4421900702D95 /* TaskStackViewController.swift */ = {isa = PBXFileReference; lastKnownFileType = sourcecode.swift; path = TaskStackViewController.swift; sourceTree = "<group>"; };
		3EA8E0A32DC476B100702D95 /* AddProjectOverlayView.swift */ = {isa = PBXFileReference; lastKnownFileType = sourcecode.swift; path = AddProjectOverlayView.swift; sourceTree = "<group>"; };
		3EA8E0A52DC4802C00702D95 /* DeleteCell.swift */ = {isa = PBXFileReference; lastKnownFileType = sourcecode.swift; path = DeleteCell.swift; sourceTree = "<group>"; };
		3EA8E0A72DC485E700702D95 /* JoinProjectOverlayViiew.swift */ = {isa = PBXFileReference; lastKnownFileType = sourcecode.swift; path = JoinProjectOverlayViiew.swift; sourceTree = "<group>"; };
		3EA8E0ED2DC7B7D500702D95 /* ThemeColor.swift */ = {isa = PBXFileReference; lastKnownFileType = sourcecode.swift; path = ThemeColor.swift; sourceTree = "<group>"; };
		3EAF922C2DC1777400CAB467 /* Day.swift */ = {isa = PBXFileReference; lastKnownFileType = sourcecode.swift; path = Day.swift; sourceTree = "<group>"; };
		3EAF922E2DC1778A00CAB467 /* Task.swift */ = {isa = PBXFileReference; lastKnownFileType = sourcecode.swift; path = Task.swift; sourceTree = "<group>"; };
		3EAF92302DC177A600CAB467 /* CalendarView.swift */ = {isa = PBXFileReference; lastKnownFileType = sourcecode.swift; path = CalendarView.swift; sourceTree = "<group>"; };
		3EAF92322DC177B400CAB467 /* TaskStackView.swift */ = {isa = PBXFileReference; lastKnownFileType = sourcecode.swift; path = TaskStackView.swift; sourceTree = "<group>"; };
		3EAF92342DC177BF00CAB467 /* AddTaskOverlayView.swift */ = {isa = PBXFileReference; lastKnownFileType = sourcecode.swift; path = AddTaskOverlayView.swift; sourceTree = "<group>"; };
		3EAF923C2DC1784400CAB467 /* TaskManager.swift */ = {isa = PBXFileReference; lastKnownFileType = sourcecode.swift; path = TaskManager.swift; sourceTree = "<group>"; };
		3EAF923E2DC1785000CAB467 /* Date+Extension.swift */ = {isa = PBXFileReference; lastKnownFileType = sourcecode.swift; path = "Date+Extension.swift"; sourceTree = "<group>"; };
		3EAF92422DC19E5C00CAB467 /* LogoViewController.swift */ = {isa = PBXFileReference; lastKnownFileType = sourcecode.swift; path = LogoViewController.swift; sourceTree = "<group>"; };
		ED376CCF2DBDD84500DF0BED /* NetworkManager.swift */ = {isa = PBXFileReference; lastKnownFileType = sourcecode.swift; path = NetworkManager.swift; sourceTree = "<group>"; };
/* End PBXFileReference section */

/* Begin PBXFileSystemSynchronizedRootGroup section */
		3EA8E07C2DC40AC300702D95 /* fonts */ = {isa = PBXFileSystemSynchronizedRootGroup; explicitFileTypes = {}; explicitFolders = (); path = fonts; sourceTree = "<group>"; };
/* End PBXFileSystemSynchronizedRootGroup section */

/* Begin PBXFrameworksBuildPhase section */
		2ED700512AF1CF5600B7C687 /* Frameworks */ = {
			isa = PBXFrameworksBuildPhase;
			buildActionMask = 2147483647;
			files = (
				2E07F6082AF1CFFD00395214 /* Alamofire in Frameworks */,
				2E07F6122AF1D03B00395214 /* SDWebImageMapKit in Frameworks */,
				2E07F60B2AF1D01E00395214 /* SnapKit in Frameworks */,
				2E07F6102AF1D03B00395214 /* SDWebImage in Frameworks */,
			);
			runOnlyForDeploymentPostprocessing = 0;
		};
/* End PBXFrameworksBuildPhase section */

/* Begin PBXGroup section */
		2E07F6132AF1D04700395214 /* Extensions */ = {
			isa = PBXGroup;
			children = (
				2E07F6162AF1D06A00395214 /* UIColor+Extension.swift */,
				3EA8E0ED2DC7B7D500702D95 /* ThemeColor.swift */,
				3EAF923E2DC1785000CAB467 /* Date+Extension.swift */,
				2E07F6142AF1D05700395214 /* UIFont+Extension.swift */,
			);
			path = Extensions;
			sourceTree = "<group>";
		};
		2ED7004B2AF1CF5600B7C687 = {
			isa = PBXGroup;
			children = (
				2ED700562AF1CF5600B7C687 /* A4 */,
				2ED700552AF1CF5600B7C687 /* Products */,
			);
			sourceTree = "<group>";
		};
		2ED700552AF1CF5600B7C687 /* Products */ = {
			isa = PBXGroup;
			children = (
				2ED700542AF1CF5600B7C687 /* A4.app */,
			);
			name = Products;
			sourceTree = "<group>";
		};
		2ED700562AF1CF5600B7C687 /* A4 */ = {
			isa = PBXGroup;
			children = (
				3EA8E07C2DC40AC300702D95 /* fonts */,
				ED376CC82DBD7B8000DF0BED /* Views */,
				ED376CC52DBD7AF500DF0BED /* Model */,
				2E07F6132AF1D04700395214 /* Extensions */,
				2ED700572AF1CF5600B7C687 /* AppDelegate.swift */,
				3EA8E0A12DC4421900702D95 /* TaskStackViewController.swift */,
				2ED700592AF1CF5600B7C687 /* SceneDelegate.swift */,
				3EA8E09B2DC4384100702D95 /* ProjectViewController.swift */,
				3EA8E0972DC4368B00702D95 /* CalendarViewController.swift */,
				3EAF92422DC19E5C00CAB467 /* LogoViewController.swift */,
				3EAF923C2DC1784400CAB467 /* TaskManager.swift */,
				2ED700602AF1CF5700B7C687 /* Assets.xcassets */,
				2ED700622AF1CF5700B7C687 /* LaunchScreen.storyboard */,
				2ED700652AF1CF5700B7C687 /* Info.plist */,
				ED376CCF2DBDD84500DF0BED /* NetworkManager.swift */,
			);
			path = A4;
			sourceTree = "<group>";
		};
		ED376CC52DBD7AF500DF0BED /* Model */ = {
			isa = PBXGroup;
			children = (
				3EA8E09D2DC4402D00702D95 /* TaskCell.swift */,
				3EA8E0952DC431D400702D95 /* Project.swift */,
				3EA8E0912DC430B000702D95 /* ProjectCell.swift */,
				3EA8E0A52DC4802C00702D95 /* DeleteCell.swift */,
				3EA8E0932DC430D800702D95 /* AddCell.swift */,
				3EAF922C2DC1777400CAB467 /* Day.swift */,
				3EAF922E2DC1778A00CAB467 /* Task.swift */,
			);
			path = Model;
			sourceTree = "<group>";
		};
		ED376CC82DBD7B8000DF0BED /* Views */ = {
			isa = PBXGroup;
			children = (
				3EAF92302DC177A600CAB467 /* CalendarView.swift */,
				3EA8E08F2DC4307A00702D95 /* ProjectView.swift */,
				3EAF92322DC177B400CAB467 /* TaskStackView.swift */,
				3EAF92342DC177BF00CAB467 /* AddTaskOverlayView.swift */,
				3EA8E0A32DC476B100702D95 /* AddProjectOverlayView.swift */,
				3EA8E0A72DC485E700702D95 /* JoinProjectOverlayViiew.swift */,
				3EA8E0782DC3304C00702D95 /* LogoView.swift */,
			);
			path = Views;
			sourceTree = "<group>";
		};
/* End PBXGroup section */

/* Begin PBXNativeTarget section */
		2ED700532AF1CF5600B7C687 /* A4 */ = {
			isa = PBXNativeTarget;
			buildConfigurationList = 2ED700682AF1CF5700B7C687 /* Build configuration list for PBXNativeTarget "A4" */;
			buildPhases = (
				2ED700502AF1CF5600B7C687 /* Sources */,
				2ED700512AF1CF5600B7C687 /* Frameworks */,
				2ED700522AF1CF5600B7C687 /* Resources */,
			);
			buildRules = (
			);
			dependencies = (
			);
			fileSystemSynchronizedGroups = (
				3EA8E07C2DC40AC300702D95 /* fonts */,
			);
			name = A4;
			packageProductDependencies = (
				2E07F6072AF1CFFD00395214 /* Alamofire */,
				2E07F60A2AF1D01E00395214 /* SnapKit */,
				2E07F60F2AF1D03B00395214 /* SDWebImage */,
				2E07F6112AF1D03B00395214 /* SDWebImageMapKit */,
			);
			productName = A4;
			productReference = 2ED700542AF1CF5600B7C687 /* A4.app */;
			productType = "com.apple.product-type.application";
		};
/* End PBXNativeTarget section */

/* Begin PBXProject section */
		2ED7004C2AF1CF5600B7C687 /* Project object */ = {
			isa = PBXProject;
			attributes = {
				BuildIndependentTargetsInParallel = 1;
				LastSwiftUpdateCheck = 1500;
				LastUpgradeCheck = 1500;
				TargetAttributes = {
					2ED700532AF1CF5600B7C687 = {
						CreatedOnToolsVersion = 15.0;
					};
				};
			};
			buildConfigurationList = 2ED7004F2AF1CF5600B7C687 /* Build configuration list for PBXProject "A4" */;
			compatibilityVersion = "Xcode 12.0";
			developmentRegion = en;
			hasScannedForEncodings = 0;
			knownRegions = (
				en,
				Base,
			);
			mainGroup = 2ED7004B2AF1CF5600B7C687;
			packageReferences = (
				2E07F6062AF1CFFD00395214 /* XCRemoteSwiftPackageReference "Alamofire" */,
				2E07F6092AF1D01E00395214 /* XCRemoteSwiftPackageReference "SnapKit" */,
				2E07F60E2AF1D03B00395214 /* XCRemoteSwiftPackageReference "SDWebImage" */,
			);
			productRefGroup = 2ED700552AF1CF5600B7C687 /* Products */;
			projectDirPath = "";
			projectRoot = "";
			targets = (
				2ED700532AF1CF5600B7C687 /* A4 */,
			);
		};
/* End PBXProject section */

/* Begin PBXResourcesBuildPhase section */
		2ED700522AF1CF5600B7C687 /* Resources */ = {
			isa = PBXResourcesBuildPhase;
			buildActionMask = 2147483647;
			files = (
				2ED700642AF1CF5700B7C687 /* LaunchScreen.storyboard in Resources */,
				2ED700612AF1CF5700B7C687 /* Assets.xcassets in Resources */,
			);
			runOnlyForDeploymentPostprocessing = 0;
		};
/* End PBXResourcesBuildPhase section */

/* Begin PBXSourcesBuildPhase section */
		2ED700502AF1CF5600B7C687 /* Sources */ = {
			isa = PBXSourcesBuildPhase;
			buildActionMask = 2147483647;
			files = (
				3EAF92352DC177C700CAB467 /* AddTaskOverlayView.swift in Sources */,
				3EAF92312DC177B000CAB467 /* CalendarView.swift in Sources */,
				3EA8E0962DC431D700702D95 /* Project.swift in Sources */,
				3EAF92432DC19E6100CAB467 /* LogoViewController.swift in Sources */,
				3EAF923D2DC1784600CAB467 /* TaskManager.swift in Sources */,
				3EA8E0A82DC485EF00702D95 /* JoinProjectOverlayViiew.swift in Sources */,
				3EA8E0792DC3304C00702D95 /* LogoView.swift in Sources */,
				3EA8E0902DC4307F00702D95 /* ProjectView.swift in Sources */,
				3EA8E0922DC430BC00702D95 /* ProjectCell.swift in Sources */,
				ED376CD02DBDD84500DF0BED /* NetworkManager.swift in Sources */,
				3EA8E0942DC430E300702D95 /* AddCell.swift in Sources */,
				2E07F6152AF1D05700395214 /* UIFont+Extension.swift in Sources */,
				3EA8E09C2DC4384500702D95 /* ProjectViewController.swift in Sources */,
				3EA8E0EE2DC7B7DF00702D95 /* ThemeColor.swift in Sources */,
				3EA8E0982DC4369000702D95 /* CalendarViewController.swift in Sources */,
				3EAF922F2DC1778C00CAB467 /* Task.swift in Sources */,
				2ED700582AF1CF5600B7C687 /* AppDelegate.swift in Sources */,
				3EAF922D2DC1777E00CAB467 /* Day.swift in Sources */,
				3EA8E0A22DC4421E00702D95 /* TaskStackViewController.swift in Sources */,
				2ED7005A2AF1CF5600B7C687 /* SceneDelegate.swift in Sources */,
				2E07F6172AF1D06A00395214 /* UIColor+Extension.swift in Sources */,
				3EA8E0A62DC4802F00702D95 /* DeleteCell.swift in Sources */,
				3EA8E0A42DC476B700702D95 /* AddProjectOverlayView.swift in Sources */,
				3EA8E09E2DC4403300702D95 /* TaskCell.swift in Sources */,
				3EAF923F2DC1785200CAB467 /* Date+Extension.swift in Sources */,
				3EAF92332DC177BC00CAB467 /* TaskStackView.swift in Sources */,
			);
			runOnlyForDeploymentPostprocessing = 0;
		};
/* End PBXSourcesBuildPhase section */

/* Begin PBXVariantGroup section */
		2ED700622AF1CF5700B7C687 /* LaunchScreen.storyboard */ = {
			isa = PBXVariantGroup;
			children = (
				2ED700632AF1CF5700B7C687 /* Base */,
			);
			name = LaunchScreen.storyboard;
			sourceTree = "<group>";
		};
/* End PBXVariantGroup section */

/* Begin XCBuildConfiguration section */
		2ED700662AF1CF5700B7C687 /* Debug */ = {
			isa = XCBuildConfiguration;
			buildSettings = {
				ALWAYS_SEARCH_USER_PATHS = NO;
				ASSETCATALOG_COMPILER_GENERATE_SWIFT_ASSET_SYMBOL_EXTENSIONS = YES;
				CLANG_ANALYZER_NONNULL = YES;
				CLANG_ANALYZER_NUMBER_OBJECT_CONVERSION = YES_AGGRESSIVE;
				CLANG_CXX_LANGUAGE_STANDARD = "gnu++20";
				CLANG_ENABLE_MODULES = YES;
				CLANG_ENABLE_OBJC_ARC = YES;
				CLANG_ENABLE_OBJC_WEAK = YES;
				CLANG_WARN_BLOCK_CAPTURE_AUTORELEASING = YES;
				CLANG_WARN_BOOL_CONVERSION = YES;
				CLANG_WARN_COMMA = YES;
				CLANG_WARN_CONSTANT_CONVERSION = YES;
				CLANG_WARN_DEPRECATED_OBJC_IMPLEMENTATIONS = YES;
				CLANG_WARN_DIRECT_OBJC_ISA_USAGE = YES_ERROR;
				CLANG_WARN_DOCUMENTATION_COMMENTS = YES;
				CLANG_WARN_EMPTY_BODY = YES;
				CLANG_WARN_ENUM_CONVERSION = YES;
				CLANG_WARN_INFINITE_RECURSION = YES;
				CLANG_WARN_INT_CONVERSION = YES;
				CLANG_WARN_NON_LITERAL_NULL_CONVERSION = YES;
				CLANG_WARN_OBJC_IMPLICIT_RETAIN_SELF = YES;
				CLANG_WARN_OBJC_LITERAL_CONVERSION = YES;
				CLANG_WARN_OBJC_ROOT_CLASS = YES_ERROR;
				CLANG_WARN_QUOTED_INCLUDE_IN_FRAMEWORK_HEADER = YES;
				CLANG_WARN_RANGE_LOOP_ANALYSIS = YES;
				CLANG_WARN_STRICT_PROTOTYPES = YES;
				CLANG_WARN_SUSPICIOUS_MOVE = YES;
				CLANG_WARN_UNGUARDED_AVAILABILITY = YES_AGGRESSIVE;
				CLANG_WARN_UNREACHABLE_CODE = YES;
				CLANG_WARN__DUPLICATE_METHOD_MATCH = YES;
				COPY_PHASE_STRIP = NO;
				DEBUG_INFORMATION_FORMAT = dwarf;
				ENABLE_STRICT_OBJC_MSGSEND = YES;
				ENABLE_TESTABILITY = YES;
				ENABLE_USER_SCRIPT_SANDBOXING = YES;
				GCC_C_LANGUAGE_STANDARD = gnu17;
				GCC_DYNAMIC_NO_PIC = NO;
				GCC_NO_COMMON_BLOCKS = YES;
				GCC_OPTIMIZATION_LEVEL = 0;
				GCC_PREPROCESSOR_DEFINITIONS = (
					"DEBUG=1",
					"$(inherited)",
				);
				GCC_WARN_64_TO_32_BIT_CONVERSION = YES;
				GCC_WARN_ABOUT_RETURN_TYPE = YES_ERROR;
				GCC_WARN_UNDECLARED_SELECTOR = YES;
				GCC_WARN_UNINITIALIZED_AUTOS = YES_AGGRESSIVE;
				GCC_WARN_UNUSED_FUNCTION = YES;
				GCC_WARN_UNUSED_VARIABLE = YES;
				IPHONEOS_DEPLOYMENT_TARGET = 13.0;
				LOCALIZATION_PREFERS_STRING_CATALOGS = YES;
				MTL_ENABLE_DEBUG_INFO = INCLUDE_SOURCE;
				MTL_FAST_MATH = YES;
				ONLY_ACTIVE_ARCH = YES;
				SDKROOT = iphoneos;
				SWIFT_ACTIVE_COMPILATION_CONDITIONS = "DEBUG $(inherited)";
				SWIFT_OPTIMIZATION_LEVEL = "-Onone";
			};
			name = Debug;
		};
		2ED700672AF1CF5700B7C687 /* Release */ = {
			isa = XCBuildConfiguration;
			buildSettings = {
				ALWAYS_SEARCH_USER_PATHS = NO;
				ASSETCATALOG_COMPILER_GENERATE_SWIFT_ASSET_SYMBOL_EXTENSIONS = YES;
				CLANG_ANALYZER_NONNULL = YES;
				CLANG_ANALYZER_NUMBER_OBJECT_CONVERSION = YES_AGGRESSIVE;
				CLANG_CXX_LANGUAGE_STANDARD = "gnu++20";
				CLANG_ENABLE_MODULES = YES;
				CLANG_ENABLE_OBJC_ARC = YES;
				CLANG_ENABLE_OBJC_WEAK = YES;
				CLANG_WARN_BLOCK_CAPTURE_AUTORELEASING = YES;
				CLANG_WARN_BOOL_CONVERSION = YES;
				CLANG_WARN_COMMA = YES;
				CLANG_WARN_CONSTANT_CONVERSION = YES;
				CLANG_WARN_DEPRECATED_OBJC_IMPLEMENTATIONS = YES;
				CLANG_WARN_DIRECT_OBJC_ISA_USAGE = YES_ERROR;
				CLANG_WARN_DOCUMENTATION_COMMENTS = YES;
				CLANG_WARN_EMPTY_BODY = YES;
				CLANG_WARN_ENUM_CONVERSION = YES;
				CLANG_WARN_INFINITE_RECURSION = YES;
				CLANG_WARN_INT_CONVERSION = YES;
				CLANG_WARN_NON_LITERAL_NULL_CONVERSION = YES;
				CLANG_WARN_OBJC_IMPLICIT_RETAIN_SELF = YES;
				CLANG_WARN_OBJC_LITERAL_CONVERSION = YES;
				CLANG_WARN_OBJC_ROOT_CLASS = YES_ERROR;
				CLANG_WARN_QUOTED_INCLUDE_IN_FRAMEWORK_HEADER = YES;
				CLANG_WARN_RANGE_LOOP_ANALYSIS = YES;
				CLANG_WARN_STRICT_PROTOTYPES = YES;
				CLANG_WARN_SUSPICIOUS_MOVE = YES;
				CLANG_WARN_UNGUARDED_AVAILABILITY = YES_AGGRESSIVE;
				CLANG_WARN_UNREACHABLE_CODE = YES;
				CLANG_WARN__DUPLICATE_METHOD_MATCH = YES;
				COPY_PHASE_STRIP = NO;
				DEBUG_INFORMATION_FORMAT = "dwarf-with-dsym";
				ENABLE_NS_ASSERTIONS = NO;
				ENABLE_STRICT_OBJC_MSGSEND = YES;
				ENABLE_USER_SCRIPT_SANDBOXING = YES;
				GCC_C_LANGUAGE_STANDARD = gnu17;
				GCC_NO_COMMON_BLOCKS = YES;
				GCC_WARN_64_TO_32_BIT_CONVERSION = YES;
				GCC_WARN_ABOUT_RETURN_TYPE = YES_ERROR;
				GCC_WARN_UNDECLARED_SELECTOR = YES;
				GCC_WARN_UNINITIALIZED_AUTOS = YES_AGGRESSIVE;
				GCC_WARN_UNUSED_FUNCTION = YES;
				GCC_WARN_UNUSED_VARIABLE = YES;
				IPHONEOS_DEPLOYMENT_TARGET = 13.0;
				LOCALIZATION_PREFERS_STRING_CATALOGS = YES;
				MTL_ENABLE_DEBUG_INFO = NO;
				MTL_FAST_MATH = YES;
				SDKROOT = iphoneos;
				SWIFT_COMPILATION_MODE = wholemodule;
				VALIDATE_PRODUCT = YES;
			};
			name = Release;
		};
		2ED700692AF1CF5700B7C687 /* Debug */ = {
			isa = XCBuildConfiguration;
			buildSettings = {
				ASSETCATALOG_COMPILER_APPICON_NAME = AppIcon;
				ASSETCATALOG_COMPILER_GLOBAL_ACCENT_COLOR_NAME = AccentColor;
				CODE_SIGN_STYLE = Automatic;
				CURRENT_PROJECT_VERSION = 1;
				GENERATE_INFOPLIST_FILE = YES;
				INFOPLIST_FILE = A4/Info.plist;
				INFOPLIST_KEY_UIApplicationSupportsIndirectInputEvents = YES;
				INFOPLIST_KEY_UILaunchStoryboardName = LaunchScreen;
				INFOPLIST_KEY_UISupportedInterfaceOrientations_iPad = "UIInterfaceOrientationPortrait UIInterfaceOrientationPortraitUpsideDown UIInterfaceOrientationLandscapeLeft UIInterfaceOrientationLandscapeRight";
				INFOPLIST_KEY_UISupportedInterfaceOrientations_iPhone = "UIInterfaceOrientationPortrait UIInterfaceOrientationLandscapeLeft UIInterfaceOrientationLandscapeRight";
				IPHONEOS_DEPLOYMENT_TARGET = 13.0;
				LD_RUNPATH_SEARCH_PATHS = (
					"$(inherited)",
					"@executable_path/Frameworks",
				);
				MARKETING_VERSION = 1.0;
				PRODUCT_BUNDLE_IDENTIFIER = com.vinnie.A4;
				PRODUCT_NAME = "$(TARGET_NAME)";
				SWIFT_EMIT_LOC_STRINGS = YES;
				SWIFT_VERSION = 5.0;
				TARGETED_DEVICE_FAMILY = "1,2";
			};
			name = Debug;
		};
		2ED7006A2AF1CF5700B7C687 /* Release */ = {
			isa = XCBuildConfiguration;
			buildSettings = {
				ASSETCATALOG_COMPILER_APPICON_NAME = AppIcon;
				ASSETCATALOG_COMPILER_GLOBAL_ACCENT_COLOR_NAME = AccentColor;
				CODE_SIGN_STYLE = Automatic;
				CURRENT_PROJECT_VERSION = 1;
				GENERATE_INFOPLIST_FILE = YES;
				INFOPLIST_FILE = A4/Info.plist;
				INFOPLIST_KEY_UIApplicationSupportsIndirectInputEvents = YES;
				INFOPLIST_KEY_UILaunchStoryboardName = LaunchScreen;
				INFOPLIST_KEY_UISupportedInterfaceOrientations_iPad = "UIInterfaceOrientationPortrait UIInterfaceOrientationPortraitUpsideDown UIInterfaceOrientationLandscapeLeft UIInterfaceOrientationLandscapeRight";
				INFOPLIST_KEY_UISupportedInterfaceOrientations_iPhone = "UIInterfaceOrientationPortrait UIInterfaceOrientationLandscapeLeft UIInterfaceOrientationLandscapeRight";
				IPHONEOS_DEPLOYMENT_TARGET = 13.0;
				LD_RUNPATH_SEARCH_PATHS = (
					"$(inherited)",
					"@executable_path/Frameworks",
				);
				MARKETING_VERSION = 1.0;
				PRODUCT_BUNDLE_IDENTIFIER = com.vinnie.A4;
				PRODUCT_NAME = "$(TARGET_NAME)";
				SWIFT_EMIT_LOC_STRINGS = YES;
				SWIFT_VERSION = 5.0;
				TARGETED_DEVICE_FAMILY = "1,2";
			};
			name = Release;
		};
/* End XCBuildConfiguration section */

/* Begin XCConfigurationList section */
		2ED7004F2AF1CF5600B7C687 /* Build configuration list for PBXProject "A4" */ = {
			isa = XCConfigurationList;
			buildConfigurations = (
				2ED700662AF1CF5700B7C687 /* Debug */,
				2ED700672AF1CF5700B7C687 /* Release */,
			);
			defaultConfigurationIsVisible = 0;
			defaultConfigurationName = Release;
		};
		2ED700682AF1CF5700B7C687 /* Build configuration list for PBXNativeTarget "A4" */ = {
			isa = XCConfigurationList;
			buildConfigurations = (
				2ED700692AF1CF5700B7C687 /* Debug */,
				2ED7006A2AF1CF5700B7C687 /* Release */,
			);
			defaultConfigurationIsVisible = 0;
			defaultConfigurationName = Release;
		};
/* End XCConfigurationList section */

/* Begin XCRemoteSwiftPackageReference section */
		2E07F6062AF1CFFD00395214 /* XCRemoteSwiftPackageReference "Alamofire" */ = {
			isa = XCRemoteSwiftPackageReference;
			repositoryURL = "https://github.com/Alamofire/Alamofire";
			requirement = {
				kind = upToNextMajorVersion;
				minimumVersion = 5.8.1;
			};
		};
		2E07F6092AF1D01E00395214 /* XCRemoteSwiftPackageReference "SnapKit" */ = {
			isa = XCRemoteSwiftPackageReference;
			repositoryURL = "https://github.com/SnapKit/SnapKit";
			requirement = {
				kind = upToNextMajorVersion;
				minimumVersion = 5.6.0;
			};
		};
		2E07F60E2AF1D03B00395214 /* XCRemoteSwiftPackageReference "SDWebImage" */ = {
			isa = XCRemoteSwiftPackageReference;
			repositoryURL = "https://github.com/SDWebImage/SDWebImage";
			requirement = {
				kind = upToNextMajorVersion;
				minimumVersion = 5.18.4;
			};
		};
/* End XCRemoteSwiftPackageReference section */

/* Begin XCSwiftPackageProductDependency section */
		2E07F6072AF1CFFD00395214 /* Alamofire */ = {
			isa = XCSwiftPackageProductDependency;
			package = 2E07F6062AF1CFFD00395214 /* XCRemoteSwiftPackageReference "Alamofire" */;
			productName = Alamofire;
		};
		2E07F60A2AF1D01E00395214 /* SnapKit */ = {
			isa = XCSwiftPackageProductDependency;
			package = 2E07F6092AF1D01E00395214 /* XCRemoteSwiftPackageReference "SnapKit" */;
			productName = SnapKit;
		};
		2E07F60F2AF1D03B00395214 /* SDWebImage */ = {
			isa = XCSwiftPackageProductDependency;
			package = 2E07F60E2AF1D03B00395214 /* XCRemoteSwiftPackageReference "SDWebImage" */;
			productName = SDWebImage;
		};
		2E07F6112AF1D03B00395214 /* SDWebImageMapKit */ = {
			isa = XCSwiftPackageProductDependency;
			package = 2E07F60E2AF1D03B00395214 /* XCRemoteSwiftPackageReference "SDWebImage" */;
			productName = SDWebImageMapKit;
		};
/* End XCSwiftPackageProductDependency section */
	};
	rootObject = 2ED7004C2AF1CF5600B7C687 /* Project object */;
}
